{
  "name": "bhai-lang",
  "version": "0.0.1",
  "lockfileVersion": 1,
  "requires": true,
  "dependencies": {
    "@parcel/cache": {
      "version": "2.3.1",
      "resolved": "https://registry.npmjs.org/@parcel/cache/-/cache-2.3.1.tgz",
      "integrity": "sha512-8Wvm0VERtocUepIfkZ6xVs1LHZqttnzdrM7oSc0bXhwtz8kZB++N88g0rQskbUchW87314eYdzBtEL0aiq0bgQ==",
      "dev": true,
      "requires": {
        "@parcel/fs": "2.3.1",
        "@parcel/logger": "2.3.1",
        "@parcel/utils": "2.3.1",
        "lmdb": "^2.0.2"
      }
    },
    "@parcel/codeframe": {
      "version": "2.3.1",
      "resolved": "https://registry.npmjs.org/@parcel/codeframe/-/codeframe-2.3.1.tgz",
      "integrity": "sha512-sdNvbg9qYS2pwzqyyyt+wZfNGuy7EslzDLbzQclFZmhD6e770mcYoi8/7i7D/AONbXiI15vwNmgOdcUIXtPxbA==",
      "dev": true,
      "requires": {
        "chalk": "^4.1.0"
      }
    },
    "@parcel/diagnostic": {
      "version": "2.3.1",
      "resolved": "https://registry.npmjs.org/@parcel/diagnostic/-/diagnostic-2.3.1.tgz",
      "integrity": "sha512-hBMcg4WVMdSIy6RpI4gSto5dZ3OoUbnrCZzVw3J1tzQJn7x9na/+014IaE58vJtAqJ8/jc/TqWIcwsSLe898rA==",
      "dev": true,
      "requires": {
        "json-source-map": "^0.6.1",
        "nullthrows": "^1.1.1"
      }
    },
    "@parcel/events": {
      "version": "2.3.1",
      "resolved": "https://registry.npmjs.org/@parcel/events/-/events-2.3.1.tgz",
      "integrity": "sha512-J2rWKGl1Z2IvwwDwWYz/4gUxC1P4LsioUyOo1HYGT+N5+r41P8ZB5CM/aosI2qu5mMsH8rTpclOv5E36vCSQxw==",
      "dev": true
    },
    "@parcel/fs": {
      "version": "2.3.1",
      "resolved": "https://registry.npmjs.org/@parcel/fs/-/fs-2.3.1.tgz",
      "integrity": "sha512-FKqyf8KF0zOw8gfj/feEAMj4Kzqkgt9Zxa2A7UDdMWRvxLR8znqnWjD++xqq6rxJp2Y1zm4fH3JOTK4CRddUSg==",
      "dev": true,
      "requires": {
        "@parcel/fs-search": "2.3.1",
        "@parcel/types": "2.3.1",
        "@parcel/utils": "2.3.1",
        "@parcel/watcher": "^2.0.0",
        "@parcel/workers": "2.3.1"
      }
    },
    "@parcel/fs-search": {
      "version": "2.3.1",
      "resolved": "https://registry.npmjs.org/@parcel/fs-search/-/fs-search-2.3.1.tgz",
      "integrity": "sha512-JsBIDttjmgJIMD6Q6MV83M+mwr5NqUm55iA+SewimboiWzSPzIJxRaegniSsNfsrBASJ6nSZFHcLPd/VJ5iqJw==",
      "dev": true,
      "requires": {
        "detect-libc": "^1.0.3"
      }
    },
    "@parcel/hash": {
      "version": "2.3.1",
      "resolved": "https://registry.npmjs.org/@parcel/hash/-/hash-2.3.1.tgz",
      "integrity": "sha512-IYhSQE+CIKWjPfiLmsrXHupkNd+hMlTlI9DR5qLiD8ydyPwg0XE/bOYTcbdsSl6HTackY0XYVSJwTtEgvtYVfw==",
      "dev": true,
      "requires": {
        "detect-libc": "^1.0.3",
        "xxhash-wasm": "^0.4.2"
      }
    },
    "@parcel/logger": {
      "version": "2.3.1",
      "resolved": "https://registry.npmjs.org/@parcel/logger/-/logger-2.3.1.tgz",
      "integrity": "sha512-swNPInULCJrpCJCLOgZcf+xNcUF0NjD7LyNcB349BkyO7i6st14nfBjXf6eAJJu0z7RMmi6zp9CQB47e4cI6+g==",
      "dev": true,
      "requires": {
        "@parcel/diagnostic": "2.3.1",
        "@parcel/events": "2.3.1"
      }
    },
    "@parcel/markdown-ansi": {
      "version": "2.3.1",
      "resolved": "https://registry.npmjs.org/@parcel/markdown-ansi/-/markdown-ansi-2.3.1.tgz",
      "integrity": "sha512-M4Hi25pKtSh1KF/ppMDBk5QuLpYAQjgB/MSP+nz7NzXQlYPCN5oEk9TUkrmQ9J+vOvVwefxfy7ahSErEuQbTFw==",
      "dev": true,
      "requires": {
        "chalk": "^4.1.0"
      }
    },
    "@parcel/package-manager": {
      "version": "2.3.1",
      "resolved": "https://registry.npmjs.org/@parcel/package-manager/-/package-manager-2.3.1.tgz",
      "integrity": "sha512-w2XOkD3SU8RxhUDW+Soy/TjvEVvfUsBmHy02asllt4b/ZtyZVAsQmonGExHDDkRn3TNDR6Y96Yw6M7purt+b9w==",
      "dev": true,
      "requires": {
        "@parcel/diagnostic": "2.3.1",
        "@parcel/fs": "2.3.1",
        "@parcel/logger": "2.3.1",
        "@parcel/types": "2.3.1",
        "@parcel/utils": "2.3.1",
        "@parcel/workers": "2.3.1",
        "semver": "^5.7.1"
      }
    },
    "@parcel/packager-ts": {
      "version": "2.3.1",
      "resolved": "https://registry.npmjs.org/@parcel/packager-ts/-/packager-ts-2.3.1.tgz",
      "integrity": "sha512-BK+jHIv1+6XDrgNpakgiEN5vmr2t6xXGlv7tHBhJ22za8JeUyh/IIN2316ru+ATYNHaqvvR9cNoX0jSdqXXw8A==",
      "dev": true,
      "requires": {
        "@parcel/plugin": "2.3.1"
      }
    },
    "@parcel/plugin": {
      "version": "2.3.1",
      "resolved": "https://registry.npmjs.org/@parcel/plugin/-/plugin-2.3.1.tgz",
      "integrity": "sha512-ROOWbgFze7BCF3RkEh8VbcKGlR5UGBuJ8lfCaFrG1VOk7Rxgl8Bmk96TRbZREm/1jB74p2O8twVKyPSC13riow==",
      "dev": true,
      "requires": {
        "@parcel/types": "2.3.1"
      }
    },
    "@parcel/source-map": {
      "version": "2.0.2",
      "resolved": "https://registry.npmjs.org/@parcel/source-map/-/source-map-2.0.2.tgz",
      "integrity": "sha512-NnUrPYLpYB6qyx2v6bcRPn/gVigmGG6M6xL8wIg/i0dP1GLkuY1nf+Hqdf63FzPTqqT7K3k6eE5yHPQVMO5jcA==",
      "dev": true,
      "requires": {
        "detect-libc": "^1.0.3"
      }
    },
    "@parcel/transformer-typescript-types": {
      "version": "2.3.1",
      "resolved": "https://registry.npmjs.org/@parcel/transformer-typescript-types/-/transformer-typescript-types-2.3.1.tgz",
      "integrity": "sha512-6XTPRy5iH+OwvCHEWPfeLQHDwcKH76YgZ/sRlxmO6P0UvPele4DPS8e9CfroJESWu9u6a+7txhh5pSEdn3obuw==",
      "dev": true,
      "requires": {
        "@parcel/diagnostic": "2.3.1",
        "@parcel/plugin": "2.3.1",
        "@parcel/source-map": "^2.0.0",
        "@parcel/ts-utils": "2.3.1",
        "nullthrows": "^1.1.1"
      }
    },
    "@parcel/ts-utils": {
      "version": "2.3.1",
      "resolved": "https://registry.npmjs.org/@parcel/ts-utils/-/ts-utils-2.3.1.tgz",
      "integrity": "sha512-z5/bqoHQ3JB2EbtztFazkH37792vuTEUtCQCOeE2HMgQGMCU/8ziNT2blk3iNyY/0SjVSUFqgnvVkILTit2gRQ==",
      "dev": true,
      "requires": {
        "nullthrows": "^1.1.1"
      }
    },
    "@parcel/types": {
      "version": "2.3.1",
      "resolved": "https://registry.npmjs.org/@parcel/types/-/types-2.3.1.tgz",
      "integrity": "sha512-i2UyUoA4DzyYxe9rZRDuMAZ6TD3Mq3tTTqeJ2/zA6w83Aon3cqdE9va91peu1fKRGyRqE5lwWRtA7ktF1A2SVA==",
      "dev": true,
      "requires": {
        "@parcel/cache": "2.3.1",
        "@parcel/diagnostic": "2.3.1",
        "@parcel/fs": "2.3.1",
        "@parcel/package-manager": "2.3.1",
        "@parcel/source-map": "^2.0.0",
        "@parcel/workers": "2.3.1",
        "utility-types": "^3.10.0"
      }
    },
    "@parcel/utils": {
      "version": "2.3.1",
      "resolved": "https://registry.npmjs.org/@parcel/utils/-/utils-2.3.1.tgz",
      "integrity": "sha512-OFdh/HuAcce753/U3QoORzYU3N5oZqCfQNRb0i3onuz/qpli5TyxUl/k1BuTqlKYr6Px3kj05g6GFi9kRBOMbw==",
      "dev": true,
      "requires": {
        "@parcel/codeframe": "2.3.1",
        "@parcel/diagnostic": "2.3.1",
        "@parcel/hash": "2.3.1",
        "@parcel/logger": "2.3.1",
        "@parcel/markdown-ansi": "2.3.1",
        "@parcel/source-map": "^2.0.0",
        "chalk": "^4.1.0"
      }
    },
    "@parcel/watcher": {
      "version": "2.0.5",
      "resolved": "https://registry.npmjs.org/@parcel/watcher/-/watcher-2.0.5.tgz",
      "integrity": "sha512-x0hUbjv891omnkcHD7ZOhiyyUqUUR6MNjq89JhEI3BxppeKWAm6NPQsqqRrAkCJBogdT/o/My21sXtTI9rJIsw==",
      "dev": true,
      "requires": {
        "node-addon-api": "^3.2.1",
        "node-gyp-build": "^4.3.0"
      }
    },
    "@parcel/workers": {
      "version": "2.3.1",
      "resolved": "https://registry.npmjs.org/@parcel/workers/-/workers-2.3.1.tgz",
      "integrity": "sha512-e2P/9p5AYBLfNRs8n+57ChGrn5171oHwY54dz/jj0CrXKN1q0b+rNwzYsPaAtOicBoqmm1s5I3cjfO6GfJP65A==",
      "dev": true,
      "requires": {
        "@parcel/diagnostic": "2.3.1",
        "@parcel/logger": "2.3.1",
        "@parcel/types": "2.3.1",
        "@parcel/utils": "2.3.1",
        "chrome-trace-event": "^1.0.2",
        "nullthrows": "^1.1.1"
      }
    },
    "ansi-styles": {
      "version": "4.3.0",
      "resolved": "https://registry.npmjs.org/ansi-styles/-/ansi-styles-4.3.0.tgz",
      "integrity": "sha512-zbB9rCJAT1rbjiVDb2hqKFHNYLxgtk8NURxZ3IZwD3F6NtxbXZQCnnSi1Lkx+IDohdPlFp222wVALIheZJQSEg==",
      "dev": true,
      "requires": {
        "color-convert": "^2.0.1"
      }
    },
    "chalk": {
      "version": "4.1.2",
      "resolved": "https://registry.npmjs.org/chalk/-/chalk-4.1.2.tgz",
      "integrity": "sha512-oKnbhFyRIXpUuez8iBMmyEa4nbj4IOQyuhc/wy9kY7/WVPcwIO9VA668Pu8RkO7+0G76SLROeyw9CpQ061i4mA==",
      "dev": true,
      "requires": {
        "ansi-styles": "^4.1.0",
        "supports-color": "^7.1.0"
      }
    },
    "chrome-trace-event": {
      "version": "1.0.3",
      "resolved": "https://registry.npmjs.org/chrome-trace-event/-/chrome-trace-event-1.0.3.tgz",
      "integrity": "sha512-p3KULyQg4S7NIHixdwbGX+nFHkoBiA4YQmyWtjb8XngSKV124nJmRysgAeujbUVb15vh+RvFUfCPqU7rXk+hZg==",
      "dev": true
    },
    "color-convert": {
      "version": "2.0.1",
      "resolved": "https://registry.npmjs.org/color-convert/-/color-convert-2.0.1.tgz",
      "integrity": "sha512-RRECPsj7iu/xb5oKYcsFHSppFNnsj/52OVTRKb4zP5onXwVF3zVmmToNcOfGC+CRDpfK/U584fMg38ZHCaElKQ==",
      "dev": true,
      "requires": {
        "color-name": "~1.1.4"
      }
    },
    "color-name": {
      "version": "1.1.4",
      "resolved": "https://registry.npmjs.org/color-name/-/color-name-1.1.4.tgz",
      "integrity": "sha512-dOy+3AuW3a2wNbZHIuMZpTcgjGuLU/uBL/ubcZF9OXbDo8ff4O8yVp5Bf0efS8uEoYo5q4Fx7dY9OgQGXgAsQA==",
      "dev": true
    },
    "detect-libc": {
      "version": "1.0.3",
      "resolved": "https://registry.npmjs.org/detect-libc/-/detect-libc-1.0.3.tgz",
      "integrity": "sha1-+hN8S9aY7fVc1c0CrFWfkaTEups=",
      "dev": true
    },
    "has-flag": {
      "version": "4.0.0",
      "resolved": "https://registry.npmjs.org/has-flag/-/has-flag-4.0.0.tgz",
      "integrity": "sha512-EykJT/Q1KjTWctppgIAgfSO0tKVuZUjhgMr17kqTumMl6Afv3EISleU7qZUzoXDFTAHTDC4NOoG/ZxU3EvlMPQ==",
      "dev": true
    },
    "json-source-map": {
      "version": "0.6.1",
      "resolved": "https://registry.npmjs.org/json-source-map/-/json-source-map-0.6.1.tgz",
      "integrity": "sha512-1QoztHPsMQqhDq0hlXY5ZqcEdUzxQEIxgFkKl4WUp2pgShObl+9ovi4kRh2TfvAfxAoHOJ9vIMEqk3k4iex7tg==",
      "dev": true
    },
    "lmdb": {
      "version": "2.2.1",
      "resolved": "https://registry.npmjs.org/lmdb/-/lmdb-2.2.1.tgz",
      "integrity": "sha512-tUlIjyJvbd4mqdotI9Xe+3PZt/jqPx70VKFDrKMYu09MtBWOT3y2PbuTajX+bJFDjbgLkQC0cTx2n6dithp/zQ==",
      "dev": true,
      "requires": {
        "msgpackr": "^1.5.4",
        "nan": "^2.14.2",
        "node-gyp-build": "^4.2.3",
        "ordered-binary": "^1.2.4",
        "weak-lru-cache": "^1.2.2"
      }
    },
    "msgpackr": {
      "version": "1.5.4",
      "resolved": "https://registry.npmjs.org/msgpackr/-/msgpackr-1.5.4.tgz",
      "integrity": "sha512-Z7w5Jg+2Q9z9gJxeM68d7tSuWZZGnFIRhZnyqcZCa/1dKkhOCNvR1TUV3zzJ3+vj78vlwKRzUgVDlW4jiSOeDA==",
      "dev": true,
      "requires": {
        "msgpackr-extract": "^1.0.14"
      }
    },
    "msgpackr-extract": {
      "version": "1.0.16",
      "resolved": "https://registry.npmjs.org/msgpackr-extract/-/msgpackr-extract-1.0.16.tgz",
      "integrity": "sha512-fxdRfQUxPrL/TizyfYfMn09dK58e+d65bRD/fcaVH4052vj30QOzzqxcQIS7B0NsqlypEQ/6Du3QmP2DhWFfCA==",
      "dev": true,
      "optional": true,
      "requires": {
        "nan": "^2.14.2",
        "node-gyp-build": "^4.2.3"
      }
    },
    "nan": {
      "version": "2.15.0",
      "resolved": "https://registry.npmjs.org/nan/-/nan-2.15.0.tgz",
      "integrity": "sha512-8ZtvEnA2c5aYCZYd1cvgdnU6cqwixRoYg70xPLWUws5ORTa/lnw+u4amixRS/Ac5U5mQVgp9pnlSUnbNWFaWZQ==",
      "dev": true
    },
    "node-addon-api": {
      "version": "3.2.1",
      "resolved": "https://registry.npmjs.org/node-addon-api/-/node-addon-api-3.2.1.tgz",
      "integrity": "sha512-mmcei9JghVNDYydghQmeDX8KoAm0FAiYyIcUt/N4nhyAipB17pllZQDOJD2fotxABnt4Mdz+dKTO7eftLg4d0A==",
      "dev": true
    },
    "node-gyp-build": {
      "version": "4.3.0",
      "resolved": "https://registry.npmjs.org/node-gyp-build/-/node-gyp-build-4.3.0.tgz",
      "integrity": "sha512-iWjXZvmboq0ja1pUGULQBexmxq8CV4xBhX7VDOTbL7ZR4FOowwY/VOtRxBN/yKxmdGoIp4j5ysNT4u3S2pDQ3Q==",
      "dev": true
    },
    "nullthrows": {
      "version": "1.1.1",
      "resolved": "https://registry.npmjs.org/nullthrows/-/nullthrows-1.1.1.tgz",
      "integrity": "sha512-2vPPEi+Z7WqML2jZYddDIfy5Dqb0r2fze2zTxNNknZaFpVHU3mFB3R+DWeJWGVx0ecvttSGlJTI+WG+8Z4cDWw==",
      "dev": true
    },
    "ordered-binary": {
      "version": "1.2.4",
      "resolved": "https://registry.npmjs.org/ordered-binary/-/ordered-binary-1.2.4.tgz",
      "integrity": "sha512-A/csN0d3n+igxBPfUrjbV5GC69LWj2pjZzAAeeHXLukQ4+fytfP4T1Lg0ju7MSPSwq7KtHkGaiwO8URZN5IpLg==",
      "dev": true
    },
    "prettier": {
      "version": "2.5.1",
      "resolved": "https://registry.npmjs.org/prettier/-/prettier-2.5.1.tgz",
      "integrity": "sha512-vBZcPRUR5MZJwoyi3ZoyQlc1rXeEck8KgeC9AwwOn+exuxLxq5toTRDTSaVrXHxelDMHy9zlicw8u66yxoSUFg==",
      "dev": true
    },
    "semver": {
      "version": "5.7.1",
      "resolved": "https://registry.npmjs.org/semver/-/semver-5.7.1.tgz",
      "integrity": "sha512-sauaDf/PZdVgrLTNYHRtpXa1iRiKcaebiKQ1BJdpQlWH2lCvexQdX55snPFyK7QzpudqbCI0qXFfOasHdyNDGQ==",
      "dev": true
    },
    "supports-color": {
      "version": "7.2.0",
      "resolved": "https://registry.npmjs.org/supports-color/-/supports-color-7.2.0.tgz",
      "integrity": "sha512-qpCAvRl9stuOHveKsn7HncJRvv501qIacKzQlO/+Lwxc9+0q2wLyv4Dfvt80/DPn2pqOBsJdDiogXGR9+OvwRw==",
      "dev": true,
      "requires": {
        "has-flag": "^4.0.0"
      }
    },
    "turbo": {
      "version": "1.1.6",
      "resolved": "https://registry.npmjs.org/turbo/-/turbo-1.1.6.tgz",
      "integrity": "sha512-pZTc6Sb5MtK/X/qhiDSssc8AZWoUoYf14ZqYjvDWg/aEtqgwYorVJqfRcj4XOXOqtVZ3gO/91eXwdyh/q2aQHA==",
      "dev": true,
      "requires": {
        "turbo-darwin-64": "1.1.6",
        "turbo-darwin-arm64": "1.1.6",
        "turbo-freebsd-64": "1.1.6",
        "turbo-freebsd-arm64": "1.1.6",
        "turbo-linux-32": "1.1.6",
        "turbo-linux-64": "1.1.6",
        "turbo-linux-arm": "1.1.6",
        "turbo-linux-arm64": "1.1.6",
        "turbo-linux-mips64le": "1.1.6",
        "turbo-linux-ppc64le": "1.1.6",
        "turbo-windows-32": "1.1.6",
        "turbo-windows-64": "1.1.6"
      }
    },
    "turbo-darwin-64": {
      "version": "1.1.6",
      "resolved": "https://registry.npmjs.org/turbo-darwin-64/-/turbo-darwin-64-1.1.6.tgz",
      "integrity": "sha512-xzl79T7mPKaIGhMBCAzpTvXkbFNZaMyeOMsNXxVT5dTY+d3FwLFfbqHIoG1dH745TbH6i67bxtt70lKdQa+qdQ==",
      "dev": true,
      "optional": true
    },
    "turbo-darwin-arm64": {
      "version": "1.1.6",
      "resolved": "https://registry.npmjs.org/turbo-darwin-arm64/-/turbo-darwin-arm64-1.1.6.tgz",
      "integrity": "sha512-r0D+Kfwcaqec5h9Xa4T/VD6mWZ2LQr+zOEBBL6UA15htgel06B2eXiGdjRiw4i7ieV80tEBEDdz9tSWJBhAL/Q==",
      "dev": true,
      "optional": true
    },
    "turbo-freebsd-64": {
      "version": "1.1.6",
      "resolved": "https://registry.npmjs.org/turbo-freebsd-64/-/turbo-freebsd-64-1.1.6.tgz",
      "integrity": "sha512-v5MJeRcyeCDF3La40TOub0+/OuGGFuLzlVHb4jYxthESbtLve1H23bDiL+4gCQgPYOsKMOvKQpuoMaKW2gxk7A==",
      "dev": true,
      "optional": true
    },
    "turbo-freebsd-arm64": {
      "version": "1.1.6",
      "resolved": "https://registry.npmjs.org/turbo-freebsd-arm64/-/turbo-freebsd-arm64-1.1.6.tgz",
      "integrity": "sha512-5gm3r+M5f/Idt/pggyCQ+MZSlaUdxUeb/4LtPohhWOoj4PYo1o5kwInaRlckr7uV36E4/npDvz9cDV96Pohejg==",
      "dev": true,
      "optional": true
    },
    "turbo-linux-32": {
      "version": "1.1.6",
      "resolved": "https://registry.npmjs.org/turbo-linux-32/-/turbo-linux-32-1.1.6.tgz",
      "integrity": "sha512-dLc1Vd/LQP5n3NGLMf+cdaK99sMWvHdDvTUSrSwoYDy5fWFpUm0E12lAxRH3tikX2m7Kfcy2uY5xSJIuq5xzYQ==",
      "dev": true,
      "optional": true
    },
    "turbo-linux-64": {
      "version": "1.1.6",
      "resolved": "https://registry.npmjs.org/turbo-linux-64/-/turbo-linux-64-1.1.6.tgz",
      "integrity": "sha512-V4rb41yQUA+vPDgXc06oHmKbgrBUbwm09oRtjvmlIQU8zX8qujMPZIun8tGP4NuzErJXGzD3WDgj7VSsO23IIw==",
      "dev": true,
      "optional": true
    },
    "turbo-linux-arm": {
      "version": "1.1.6",
      "resolved": "https://registry.npmjs.org/turbo-linux-arm/-/turbo-linux-arm-1.1.6.tgz",
      "integrity": "sha512-zAaIa0+EhRYYkM51ruB1LCUqyeigK66A+KfXZ3Y9+aiKg7EYbDvuv+ReD4srLPKoIuAxR5dYlk5RVhSKejt2Cw==",
      "dev": true,
      "optional": true
    },
    "turbo-linux-arm64": {
      "version": "1.1.6",
      "resolved": "https://registry.npmjs.org/turbo-linux-arm64/-/turbo-linux-arm64-1.1.6.tgz",
      "integrity": "sha512-QsE7gow3WxWXKwNWJX4DIJys6xc6Up4/icjdTZCZbglPLwuG2UiUzjJ2+beXxVU4EmpQF6NwKubHCtrs8m8/kQ==",
      "dev": true,
      "optional": true
    },
    "turbo-linux-mips64le": {
      "version": "1.1.6",
      "resolved": "https://registry.npmjs.org/turbo-linux-mips64le/-/turbo-linux-mips64le-1.1.6.tgz",
      "integrity": "sha512-098DB9daXoI6LRCkuOv1Pqim+H4wXZrFza9Xd7zJIel1WmxEgNsHqWpSH5Jn2J92LbkWl+tfN1+myw4+a4ESfw==",
      "dev": true,
      "optional": true
    },
    "turbo-linux-ppc64le": {
      "version": "1.1.6",
      "resolved": "https://registry.npmjs.org/turbo-linux-ppc64le/-/turbo-linux-ppc64le-1.1.6.tgz",
      "integrity": "sha512-U5A1mnsGM994h/1VT4FbsV/bb+I0fgvkY5/TTX7MfA9Iwt0SxsNlh+Jgofe1svPz0CKEe6Hl2WQSGHTlBPJb5Q==",
      "dev": true,
      "optional": true
    },
    "turbo-windows-32": {
      "version": "1.1.6",
      "resolved": "https://registry.npmjs.org/turbo-windows-32/-/turbo-windows-32-1.1.6.tgz",
      "integrity": "sha512-0C+/EI11j8ABtI6O2n+NYL2osDI6moo7YL8pqiWbNrdEGI2KbeCTVQpruUH+GONsMov06pR4BouL9UT2jSpG0g==",
      "dev": true,
      "optional": true
    },
    "turbo-windows-64": {
      "version": "1.1.6",
      "resolved": "https://registry.npmjs.org/turbo-windows-64/-/turbo-windows-64-1.1.6.tgz",
      "integrity": "sha512-O2kC+7+zuMjFIi6mpU1qz+Bv27TcHkkCczcDNVU29G52pm5lwj7BZ+/gu+EPJSnF5VrgdA6Oru6KVXPRS1q+Cg==",
      "dev": true,
      "optional": true
    },
    "typescript": {
      "version": "4.5.5",
      "resolved": "https://registry.npmjs.org/typescript/-/typescript-4.5.5.tgz",
      "integrity": "sha512-TCTIul70LyWe6IJWT8QSYeA54WQe8EjQFU4wY52Fasj5UKx88LNYKCgBEHcOMOrFF1rKGbD8v/xcNWVUq9SymA==",
      "dev": true
    },
    "utility-types": {
      "version": "3.10.0",
      "resolved": "https://registry.npmjs.org/utility-types/-/utility-types-3.10.0.tgz",
      "integrity": "sha512-O11mqxmi7wMKCo6HKFt5AhO4BwY3VV68YU07tgxfz8zJTIxr4BpsezN49Ffwy9j3ZpwwJp4fkRwjRzq3uWE6Rg==",
      "dev": true
    },
    "weak-lru-cache": {
      "version": "1.2.2",
      "resolved": "https://registry.npmjs.org/weak-lru-cache/-/weak-lru-cache-1.2.2.tgz",
      "integrity": "sha512-DEAoo25RfSYMuTGc9vPJzZcZullwIqRDSI9LOy+fkCJPi6hykCnfKaXTuPBDuXAUcqHXyOgFtHNp/kB2FjYHbw==",
      "dev": true
    },
    "xxhash-wasm": {
      "version": "0.4.2",
      "resolved": "https://registry.npmjs.org/xxhash-wasm/-/xxhash-wasm-0.4.2.tgz",
      "integrity": "sha512-/eyHVRJQCirEkSZ1agRSCwriMhwlyUcFkXD5TPVSLP+IPzjsqMVzZwdoczLp1SoQU0R3dxz1RpIK+4YNQbCVOA==",
      "dev": true
    }
  }
}
